{
  "requires": true,
  "lockfileVersion": 1,
  "dependencies": {
    "three": {
      "version": "0.133.1",
      "resolved": "https://registry.npmjs.org/three/-/three-0.133.1.tgz",
      "integrity": "sha512-WydohO8ll949B0FTD6MGz59Yv2Lwj8hvObg/0Heh2r42S6+tQC1WByfCNRdmG4D7+odfGod+n8JPV1I2xrboWw=="
    }
  }
}
